
Microsoft Visual Studio Solution File, Format Version 12.00
# Visual Studio 15
VisualStudioVersion = 15.0.28010.2048
MinimumVisualStudioVersion = 10.0.40219.1
Project("{FAE04EC0-301F-11D3-BF4B-00C04F79EFBC}") = "WebPlatform", "WebPlatform\WebPlatform.csproj", "{7A32330D-AC81-43AC-B1BD-FE9648873025}"
EndProject
Project("{FAE04EC0-301F-11D3-BF4B-00C04F79EFBC}") = "WebPlatform.DataAccess", "WebPlatform.DataAccess\WebPlatform.DataAccess.csproj", "{D284FF75-D23C-4C63-872D-7A49EAEB8543}"
EndProject
Global
	GlobalSection(SolutionConfigurationPlatforms) = preSolution
		Debug|Any CPU = Debug|Any CPU
		Release|Any CPU = Release|Any CPU
	EndGlobalSection
	GlobalSection(ProjectConfigurationPlatforms) = postSolution
		{7A32330D-AC81-43AC-B1BD-FE9648873025}.Debug|Any CPU.ActiveCfg = Debug|Any CPU
		{7A32330D-AC81-43AC-B1BD-FE9648873025}.Debug|Any CPU.Build.0 = Debug|Any CPU
		{7A32330D-AC81-43AC-B1BD-FE9648873025}.Release|Any CPU.ActiveCfg = Release|Any CPU
		{7A32330D-AC81-43AC-B1BD-FE9648873025}.Release|Any CPU.Build.0 = Release|Any CPU
		{D284FF75-D23C-4C63-872D-7A49EAEB8543}.Debug|Any CPU.ActiveCfg = Debug|Any CPU
		{D284FF75-D23C-4C63-872D-7A49EAEB8543}.Debug|Any CPU.Build.0 = Debug|Any CPU
		{D284FF75-D23C-4C63-872D-7A49EAEB8543}.Release|Any CPU.ActiveCfg = Release|Any CPU
		{D284FF75-D23C-4C63-872D-7A49EAEB8543}.Release|Any CPU.Build.0 = Release|Any CPU
	EndGlobalSection
	GlobalSection(SolutionProperties) = preSolution
		HideSolutionNode = FALSE
	EndGlobalSection
	GlobalSection(ExtensibilityGlobals) = postSolution
		SolutionGuid = {F8D180A1-3A09-4AF0-AF5C-32FC617AC56E}
	EndGlobalSection
EndGlobal
