
Microsoft Visual Studio Solution File, Format Version 12.00
# Visual Studio 15
VisualStudioVersion = 15.0.28010.2048
MinimumVisualStudioVersion = 10.0.40219.1
Project("{FAE04EC0-301F-11D3-BF4B-00C04F79EFBC}") = "BrandItemContract", "BrandItemContract\BrandItemContract.csproj", "{D30EFB9C-F945-4F94-ABB9-674BB2E3573C}"
EndProject
Global
	GlobalSection(SolutionConfigurationPlatforms) = preSolution
		Debug|Any CPU = Debug|Any CPU
		Release|Any CPU = Release|Any CPU
	EndGlobalSection
	GlobalSection(ProjectConfigurationPlatforms) = postSolution
		{D30EFB9C-F945-4F94-ABB9-674BB2E3573C}.Debug|Any CPU.ActiveCfg = Debug|Any CPU
		{D30EFB9C-F945-4F94-ABB9-674BB2E3573C}.Debug|Any CPU.Build.0 = Debug|Any CPU
		{D30EFB9C-F945-4F94-ABB9-674BB2E3573C}.Release|Any CPU.ActiveCfg = Release|Any CPU
		{D30EFB9C-F945-4F94-ABB9-674BB2E3573C}.Release|Any CPU.Build.0 = Release|Any CPU
	EndGlobalSection
	GlobalSection(SolutionProperties) = preSolution
		HideSolutionNode = FALSE
	EndGlobalSection
	GlobalSection(ExtensibilityGlobals) = postSolution
		SolutionGuid = {E4ED3E33-07EE-42F4-8B00-513C9D946935}
	EndGlobalSection
EndGlobal
